<?xml version="1.0" encoding="utf-8"?>
<Project ToolsVersion="4.0" xmlns="http://schemas.microsoft.com/developer/msbuild/2003">
  <ItemGroup>
    <Filter Include="Assets">
      <UniqueIdentifier>e67d5e9e-e2d5-44c5-8ab2-575792c6268b</UniqueIdentifier>
      <Extensions>ico;cur;bmp;dds;dlg;fbx;rct;bin;rgs;gif;jpg;jpeg;jpe;resx;tga;tiff;tif;png;wav;mfcribbon-ms</Extensions>
    </Filter>
    <Filter Include="source">
      <UniqueIdentifier>{cd8c8dce-4f3b-4c50-9605-fd9e32d81776}</UniqueIdentifier>
    </Filter>
    <Filter Include="Libraly">
      <UniqueIdentifier>{f34c9730-6370-4d3a-9bdf-73cc5700da8f}</UniqueIdentifier>
    </Filter>
    <Filter Include="Header">
      <UniqueIdentifier>{463c16f1-a0eb-4ef4-ac81-83d143914c64}</UniqueIdentifier>
    </Filter>
  </ItemGroup>
  <ItemGroup>
    <ClInclude Include="SceneState.h" />
    <ClInclude Include="TitleScene.h" />
    <ClInclude Include="SceneManager.h" />
    <ClInclude Include="ADX2Le.h">
      <Filter>Header</Filter>
    </ClInclude>
    <ClInclude Include="Boss.h">
      <Filter>Header</Filter>
    </ClInclude>
    <ClInclude Include="Collision.h">
      <Filter>Header</Filter>
    </ClInclude>
    <ClInclude Include="CollisionNode.h">
      <Filter>Header</Filter>
    </ClInclude>
    <ClInclude Include="DebugCamera.h">
      <Filter>Header</Filter>
    </ClInclude>
    <ClInclude Include="Enemy.h">
      <Filter>Header</Filter>
    </ClInclude>
    <ClInclude Include="FollowCamera.h">
      <Filter>Header</Filter>
    </ClInclude>
    <ClInclude Include="Game.h">
      <Filter>Header</Filter>
    </ClInclude>
    <ClInclude Include="LandShape.h">
      <Filter>Header</Filter>
    </ClInclude>
    <ClInclude Include="LandShapeData.h">
      <Filter>Header</Filter>
    </ClInclude>
    <ClInclude Include="ModelEffect.h">
      <Filter>Header</Filter>
    </ClInclude>
    <ClInclude Include="Obj3d.h">
      <Filter>Header</Filter>
    </ClInclude>
    <ClInclude Include="pch.h">
      <Filter>Header</Filter>
    </ClInclude>
    <ClInclude Include="Player.h">
      <Filter>Header</Filter>
    </ClInclude>
    <ClInclude Include="Mine.h">
      <Filter>Header</Filter>
    </ClInclude>
    <ClInclude Include="Camera.h">
      <Filter>Header</Filter>
    </ClInclude>
    <ClInclude Include="ResultScene.h" />
    <ClInclude Include="StepTimer.h">
      <Filter>Header</Filter>
    </ClInclude>
    <ClInclude Include="Resources\Music\CueSheet_0.h" />
    <ClInclude Include="MyFuncsXTK.h">
      <Filter>Libraly</Filter>
    </ClInclude>
    <ClInclude Include="GameScene.h" />
  </ItemGroup>
  <ItemGroup>
    <ClCompile Include="Camera.cpp">
      <Filter>source</Filter>
    </ClCompile>
    <ClCompile Include="Collision.cpp">
      <Filter>source</Filter>
    </ClCompile>
    <ClCompile Include="CollisionNode.cpp">
      <Filter>source</Filter>
    </ClCompile>
    <ClCompile Include="DebugCamera.cpp">
      <Filter>source</Filter>
    </ClCompile>
    <ClCompile Include="Enemy.cpp">
      <Filter>source</Filter>
    </ClCompile>
    <ClCompile Include="FollowCamera.cpp">
      <Filter>source</Filter>
    </ClCompile>
    <ClCompile Include="Obj3d.cpp">
      <Filter>source</Filter>
    </ClCompile>
    <ClCompile Include="Player.cpp">
      <Filter>source</Filter>
    </ClCompile>
    <ClCompile Include="Game.cpp">
      <Filter>source</Filter>
    </ClCompile>
    <ClCompile Include="Boss.cpp">
      <Filter>source</Filter>
    </ClCompile>
    <ClCompile Include="LandShape.cpp">
      <Filter>source</Filter>
    </ClCompile>
    <ClCompile Include="LandShapeData.cpp">
      <Filter>source</Filter>
    </ClCompile>
    <ClCompile Include="Main.cpp">
      <Filter>source</Filter>
    </ClCompile>
    <ClCompile Include="Mine.cpp">
      <Filter>source</Filter>
    </ClCompile>
    <ClCompile Include="ModelEffect.cpp">
      <Filter>source</Filter>
    </ClCompile>
    <ClCompile Include="pch.cpp">
      <Filter>source</Filter>
    </ClCompile>
    <ClCompile Include="ADX2Le.cpp">
      <Filter>source</Filter>
    </ClCompile>
    <ClCompile Include="TitleScene.cpp" />
    <ClCompile Include="SceneManager.cpp" />
    <ClCompile Include="ResultScene.cpp" />
    <ClCompile Include="GameScene.cpp" />
  </ItemGroup>
  <ItemGroup>
    <ResourceCompile Include="resource.rc" />
  </ItemGroup>
  <ItemGroup>
    <Image Include="directx.ico">
      <Filter>Assets</Filter>
    </Image>
  </ItemGroup>
  <ItemGroup>
    <Manifest Include="settings.manifest">
      <Filter>Assets</Filter>
    </Manifest>
  </ItemGroup>
  <ItemGroup>
    <MeshContentTask Include="Assets\ground1m.FBX">
      <Filter>Assets</Filter>
    </MeshContentTask>
    <MeshContentTask Include="Assets\skydome.FBX">
      <Filter>Assets</Filter>
    </MeshContentTask>
    <MeshContentTask Include="Assets\ball.FBX">
      <Filter>Assets</Filter>
    </MeshContentTask>
    <MeshContentTask Include="Assets\ground200m.FBX">
      <Filter>Assets</Filter>
    </MeshContentTask>
    <MeshContentTask Include="Assets\teapot.FBX">
      <Filter>Assets</Filter>
    </MeshContentTask>
    <MeshContentTask Include="Assets\caterpillar.FBX">
      <Filter>Assets</Filter>
    </MeshContentTask>
    <MeshContentTask Include="Assets\Cannon.FBX">
      <Filter>Assets</Filter>
    </MeshContentTask>
    <MeshContentTask Include="Assets\engine.FBX">
      <Filter>Assets</Filter>
    </MeshContentTask>
    <MeshContentTask Include="Assets\Head.FBX">
      <Filter>Assets</Filter>
    </MeshContentTask>
    <MeshContentTask Include="Assets\Head2.FBX">
      <Filter>Assets</Filter>
    </MeshContentTask>
    <MeshContentTask Include="Assets\SphereNode.FBX">
      <Filter>Assets</Filter>
    </MeshContentTask>
    <MeshContentTask Include="Assets\Fighter.FBX">
      <Filter>Assets</Filter>
    </MeshContentTask>
    <MeshContentTask Include="Assets\L_Wing.FBX">
      <Filter>Assets</Filter>
    </MeshContentTask>
    <MeshContentTask Include="Assets\R_Wing.FBX">
      <Filter>Assets</Filter>
    </MeshContentTask>
    <MeshContentTask Include="Assets\PlayerBullet.FBX">
      <Filter>Assets</Filter>
    </MeshContentTask>
    <MeshContentTask Include="Assets\Boost.FBX">
      <Filter>Assets</Filter>
    </MeshContentTask>
    <MeshContentTask Include="Assets\HitEffect2.FBX">
      <Filter>Assets</Filter>
    </MeshContentTask>
    <MeshContentTask Include="Assets\Mine.FBX">
      <Filter>Assets</Filter>
    </MeshContentTask>
  </ItemGroup>
  <ItemGroup>
    <Library Include="MyFuncsXTK.lib">
      <Filter>Libraly</Filter>
    </Library>
    <Library Include="MyFuncsXTK-d.lib">
      <Filter>Libraly</Filter>
    </Library>
  </ItemGroup>
</Project>